
Microsoft Visual Studio Solution File, Format Version 12.00
# Visual Studio Version 16
VisualStudioVersion = 16.0.32630.194
MinimumVisualStudioVersion = 10.0.40219.1
Project("{FAE04EC0-301F-11D3-BF4B-00C04F79EFBC}") = "FINAL", "FINAL\FINAL.csproj", "{D865835C-2B3D-42F3-93C0-FBEFAC5B5DB7}"
EndProject
Project("{FAE04EC0-301F-11D3-BF4B-00C04F79EFBC}") = "BLL", "BLL\BLL.csproj", "{7712E9BC-54F0-41F4-BA6E-146023FAEA1A}"
EndProject
Project("{FAE04EC0-301F-11D3-BF4B-00C04F79EFBC}") = "DAL", "DAL\DAL.csproj", "{DDBFB1DB-5C83-4759-B85A-F1A1A0F2CF11}"
EndProject
Global
	GlobalSection(SolutionConfigurationPlatforms) = preSolution
		Debug|Any CPU = Debug|Any CPU
		Release|Any CPU = Release|Any CPU
	EndGlobalSection
	GlobalSection(ProjectConfigurationPlatforms) = postSolution
		{D865835C-2B3D-42F3-93C0-FBEFAC5B5DB7}.Debug|Any CPU.ActiveCfg = Debug|Any CPU
		{D865835C-2B3D-42F3-93C0-FBEFAC5B5DB7}.Debug|Any CPU.Build.0 = Debug|Any CPU
		{D865835C-2B3D-42F3-93C0-FBEFAC5B5DB7}.Release|Any CPU.ActiveCfg = Release|Any CPU
		{D865835C-2B3D-42F3-93C0-FBEFAC5B5DB7}.Release|Any CPU.Build.0 = Release|Any CPU
		{7712E9BC-54F0-41F4-BA6E-146023FAEA1A}.Debug|Any CPU.ActiveCfg = Debug|Any CPU
		{7712E9BC-54F0-41F4-BA6E-146023FAEA1A}.Debug|Any CPU.Build.0 = Debug|Any CPU
		{7712E9BC-54F0-41F4-BA6E-146023FAEA1A}.Release|Any CPU.ActiveCfg = Release|Any CPU
		{7712E9BC-54F0-41F4-BA6E-146023FAEA1A}.Release|Any CPU.Build.0 = Release|Any CPU
		{DDBFB1DB-5C83-4759-B85A-F1A1A0F2CF11}.Debug|Any CPU.ActiveCfg = Debug|Any CPU
		{DDBFB1DB-5C83-4759-B85A-F1A1A0F2CF11}.Debug|Any CPU.Build.0 = Debug|Any CPU
		{DDBFB1DB-5C83-4759-B85A-F1A1A0F2CF11}.Release|Any CPU.ActiveCfg = Release|Any CPU
		{DDBFB1DB-5C83-4759-B85A-F1A1A0F2CF11}.Release|Any CPU.Build.0 = Release|Any CPU
	EndGlobalSection
	GlobalSection(SolutionProperties) = preSolution
		HideSolutionNode = FALSE
	EndGlobalSection
	GlobalSection(ExtensibilityGlobals) = postSolution
		SolutionGuid = {9B8DBD13-5076-42B1-AECD-AA79FF060881}
	EndGlobalSection
EndGlobal
